
Microsoft Visual Studio Solution File, Format Version 12.00
# Visual Studio 14
VisualStudioVersion = 14.0.25420.1
MinimumVisualStudioVersion = 10.0.40219.1
Project("{FAE04EC0-301F-11D3-BF4B-00C04F79EFBC}") = "DirectoryTree", "DirectoryTree\DirectoryTree.csproj", "{CD953C02-145B-42D9-99CF-DB7CA84C78B8}"
EndProject
Project("{FAE04EC0-301F-11D3-BF4B-00C04F79EFBC}") = "Testing", "Testing\Testing.csproj", "{48AF3DA7-6DA1-4870-B153-B99F7CD305BA}"
EndProject
Global
	GlobalSection(SolutionConfigurationPlatforms) = preSolution
		Debug|Any CPU = Debug|Any CPU
		Release|Any CPU = Release|Any CPU
	EndGlobalSection
	GlobalSection(ProjectConfigurationPlatforms) = postSolution
		{CD953C02-145B-42D9-99CF-DB7CA84C78B8}.Debug|Any CPU.ActiveCfg = Debug|Any CPU
		{CD953C02-145B-42D9-99CF-DB7CA84C78B8}.Debug|Any CPU.Build.0 = Debug|Any CPU
		{CD953C02-145B-42D9-99CF-DB7CA84C78B8}.Release|Any CPU.ActiveCfg = Release|Any CPU
		{CD953C02-145B-42D9-99CF-DB7CA84C78B8}.Release|Any CPU.Build.0 = Release|Any CPU
		{48AF3DA7-6DA1-4870-B153-B99F7CD305BA}.Debug|Any CPU.ActiveCfg = Debug|Any CPU
		{48AF3DA7-6DA1-4870-B153-B99F7CD305BA}.Debug|Any CPU.Build.0 = Debug|Any CPU
		{48AF3DA7-6DA1-4870-B153-B99F7CD305BA}.Release|Any CPU.ActiveCfg = Release|Any CPU
		{48AF3DA7-6DA1-4870-B153-B99F7CD305BA}.Release|Any CPU.Build.0 = Release|Any CPU
	EndGlobalSection
	GlobalSection(SolutionProperties) = preSolution
		HideSolutionNode = FALSE
	EndGlobalSection
EndGlobal
