
Microsoft Visual Studio Solution File, Format Version 12.00
# Visual Studio 14
VisualStudioVersion = 14.0.25420.1
MinimumVisualStudioVersion = 10.0.40219.1
Project("{FAE04EC0-301F-11D3-BF4B-00C04F79EFBC}") = "ConsoleApplication4", "ConsoleApplication4\ConsoleApplication4.csproj", "{AEB8EAB8-5F7D-4722-AF73-A05B2C47CB47}"
EndProject
Global
	GlobalSection(SolutionConfigurationPlatforms) = preSolution
		Debug|Any CPU = Debug|Any CPU
		Release|Any CPU = Release|Any CPU
	EndGlobalSection
	GlobalSection(ProjectConfigurationPlatforms) = postSolution
		{AEB8EAB8-5F7D-4722-AF73-A05B2C47CB47}.Debug|Any CPU.ActiveCfg = Debug|Any CPU
		{AEB8EAB8-5F7D-4722-AF73-A05B2C47CB47}.Debug|Any CPU.Build.0 = Debug|Any CPU
		{AEB8EAB8-5F7D-4722-AF73-A05B2C47CB47}.Release|Any CPU.ActiveCfg = Release|Any CPU
		{AEB8EAB8-5F7D-4722-AF73-A05B2C47CB47}.Release|Any CPU.Build.0 = Release|Any CPU
	EndGlobalSection
	GlobalSection(SolutionProperties) = preSolution
		HideSolutionNode = FALSE
	EndGlobalSection
EndGlobal
